PODS:
  - Flutter (1.0.0)
  - image_picker (0.0.1):
    - Flutter
  - TensorFlowLite (1.10.1)
  - tflite (0.0.3):
    - Flutter
    - TensorFlowLite

DEPENDENCIES:
  - Flutter (from `.symlinks/flutter/ios`)
  - image_picker (from `.symlinks/plugins/image_picker/ios`)
  - tflite (from `.symlinks/plugins/tflite/ios`)

SPEC REPOS:
  https://github.com/cocoapods/specs.git:
    - TensorFlowLite

EXTERNAL SOURCES:
  Flutter:
    :path: ".symlinks/flutter/ios"
  image_picker:
    :path: ".symlinks/plugins/image_picker/ios"
  tflite:
    :path: ".symlinks/plugins/tflite/ios"

SPEC CHECKSUMS:
  Flutter: 9d0fac939486c9aba2809b7982dfdbb47a7b0296
  image_picker: ee00aab0487cedc80a304085219503cc6d0f2e22
  TensorFlowLite: 6274f29bbf7e234edb3108f0f32728b5a4d53d77
  tflite: 2e947652986a7380eb526f099ca57a55ced11631

PODFILE CHECKSUM: 1e5af4103afd21ca5ead147d7b81d06f494f51a2

COCOAPODS: 1.5.3
